
Microsoft Visual Studio Solution File, Format Version 12.00
# Visual Studio Version 16
VisualStudioVersion = 16.0.31205.134
MinimumVisualStudioVersion = 10.0.40219.1
Project("{FAE04EC0-301F-11D3-BF4B-00C04F79EFBC}") = "ProjectC", "ProjectC\ProjectC.csproj", "{4EB7ACA9-6D2D-4F2E-932E-767E127A45B3}"
EndProject
Global
	GlobalSection(SolutionConfigurationPlatforms) = preSolution
		Debug|Any CPU = Debug|Any CPU
		Release|Any CPU = Release|Any CPU
	EndGlobalSection
	GlobalSection(ProjectConfigurationPlatforms) = postSolution
		{4EB7ACA9-6D2D-4F2E-932E-767E127A45B3}.Debug|Any CPU.ActiveCfg = Debug|Any CPU
		{4EB7ACA9-6D2D-4F2E-932E-767E127A45B3}.Debug|Any CPU.Build.0 = Debug|Any CPU
		{4EB7ACA9-6D2D-4F2E-932E-767E127A45B3}.Release|Any CPU.ActiveCfg = Release|Any CPU
		{4EB7ACA9-6D2D-4F2E-932E-767E127A45B3}.Release|Any CPU.Build.0 = Release|Any CPU
	EndGlobalSection
	GlobalSection(SolutionProperties) = preSolution
		HideSolutionNode = FALSE
	EndGlobalSection
	GlobalSection(ExtensibilityGlobals) = postSolution
		SolutionGuid = {18354D14-ECDF-4D43-A670-5A38AC66B012}
	EndGlobalSection
EndGlobal
